
Microsoft Visual Studio Solution File, Format Version 12.00
# Visual Studio Version 17
VisualStudioVersion = 17.0.31903.59
MinimumVisualStudioVersion = 10.0.40219.1
Project("{2150E333-8FDC-42A3-9474-1A3956D46DE8}") = "src", "src", "{827E0CD3-B72D-47B6-A68D-7590B98EB39B}"
EndProject
Project("{FAE04EC0-301F-11D3-BF4B-00C04F79EFBC}") = "Orpheus.Core", "src\Orpheus.Core\Orpheus.Core.csproj", "{5689D02E-205C-461F-ADC6-DC69058F6AB8}"
EndProject
Project("{FAE04EC0-301F-11D3-BF4B-00C04F79EFBC}") = "Orpheus.Adapters", "src\Orpheus.Adapters\Orpheus.Adapters.csproj", "{52ED6517-E565-4091-93DF-FA7033841185}"
EndProject
Project("{FAE04EC0-301F-11D3-BF4B-00C04F79EFBC}") = "Orpheus.Api", "src\Orpheus.Api\Orpheus.Api.csproj", "{9825EBA2-589A-4A8E-8EE5-B026D48F573A}"
EndProject
Project("{FAE04EC0-301F-11D3-BF4B-00C04F79EFBC}") = "Orpheus.Cli", "src\Orpheus.Cli\Orpheus.Cli.csproj", "{14481249-A1A5-462C-9F9C-852152F38737}"
EndProject
Project("{2150E333-8FDC-42A3-9474-1A3956D46DE8}") = "tests", "tests", "{0AB3BF05-4346-4AA6-1389-037BE0695223}"
EndProject
Project("{FAE04EC0-301F-11D3-BF4B-00C04F79EFBC}") = "Orpheus.Core.Tests", "tests\Orpheus.Core.Tests\Orpheus.Core.Tests.csproj", "{ABD55C8E-F2E7-4592-9BAA-CCDFC3CB574E}"
EndProject
Project("{FAE04EC0-301F-11D3-BF4B-00C04F79EFBC}") = "Orpheus.Api.Tests", "tests\Orpheus.Api.Tests\Orpheus.Api.Tests.csproj", "{40ECCDA9-9B34-44AD-8A07-BD55D5E42607}"
EndProject
Global
	GlobalSection(SolutionConfigurationPlatforms) = preSolution
		Debug|Any CPU = Debug|Any CPU
		Debug|x64 = Debug|x64
		Debug|x86 = Debug|x86
		Release|Any CPU = Release|Any CPU
		Release|x64 = Release|x64
		Release|x86 = Release|x86
	EndGlobalSection
	GlobalSection(ProjectConfigurationPlatforms) = postSolution
		{5689D02E-205C-461F-ADC6-DC69058F6AB8}.Debug|Any CPU.ActiveCfg = Debug|Any CPU
		{5689D02E-205C-461F-ADC6-DC69058F6AB8}.Debug|Any CPU.Build.0 = Debug|Any CPU
		{5689D02E-205C-461F-ADC6-DC69058F6AB8}.Debug|x64.ActiveCfg = Debug|Any CPU
		{5689D02E-205C-461F-ADC6-DC69058F6AB8}.Debug|x64.Build.0 = Debug|Any CPU
		{5689D02E-205C-461F-ADC6-DC69058F6AB8}.Debug|x86.ActiveCfg = Debug|Any CPU
		{5689D02E-205C-461F-ADC6-DC69058F6AB8}.Debug|x86.Build.0 = Debug|Any CPU
		{5689D02E-205C-461F-ADC6-DC69058F6AB8}.Release|Any CPU.ActiveCfg = Release|Any CPU
		{5689D02E-205C-461F-ADC6-DC69058F6AB8}.Release|Any CPU.Build.0 = Release|Any CPU
		{5689D02E-205C-461F-ADC6-DC69058F6AB8}.Release|x64.ActiveCfg = Release|Any CPU
		{5689D02E-205C-461F-ADC6-DC69058F6AB8}.Release|x64.Build.0 = Release|Any CPU
		{5689D02E-205C-461F-ADC6-DC69058F6AB8}.Release|x86.ActiveCfg = Release|Any CPU
		{5689D02E-205C-461F-ADC6-DC69058F6AB8}.Release|x86.Build.0 = Release|Any CPU
		{52ED6517-E565-4091-93DF-FA7033841185}.Debug|Any CPU.ActiveCfg = Debug|Any CPU
		{52ED6517-E565-4091-93DF-FA7033841185}.Debug|Any CPU.Build.0 = Debug|Any CPU
		{52ED6517-E565-4091-93DF-FA7033841185}.Debug|x64.ActiveCfg = Debug|Any CPU
		{52ED6517-E565-4091-93DF-FA7033841185}.Debug|x64.Build.0 = Debug|Any CPU
		{52ED6517-E565-4091-93DF-FA7033841185}.Debug|x86.ActiveCfg = Debug|Any CPU
		{52ED6517-E565-4091-93DF-FA7033841185}.Debug|x86.Build.0 = Debug|Any CPU
		{52ED6517-E565-4091-93DF-FA7033841185}.Release|Any CPU.ActiveCfg = Release|Any CPU
		{52ED6517-E565-4091-93DF-FA7033841185}.Release|Any CPU.Build.0 = Release|Any CPU
		{52ED6517-E565-4091-93DF-FA7033841185}.Release|x64.ActiveCfg = Release|Any CPU
		{52ED6517-E565-4091-93DF-FA7033841185}.Release|x64.Build.0 = Release|Any CPU
		{52ED6517-E565-4091-93DF-FA7033841185}.Release|x86.ActiveCfg = Release|Any CPU
		{52ED6517-E565-4091-93DF-FA7033841185}.Release|x86.Build.0 = Release|Any CPU
		{9825EBA2-589A-4A8E-8EE5-B026D48F573A}.Debug|Any CPU.ActiveCfg = Debug|Any CPU
		{9825EBA2-589A-4A8E-8EE5-B026D48F573A}.Debug|Any CPU.Build.0 = Debug|Any CPU
		{9825EBA2-589A-4A8E-8EE5-B026D48F573A}.Debug|x64.ActiveCfg = Debug|Any CPU
		{9825EBA2-589A-4A8E-8EE5-B026D48F573A}.Debug|x64.Build.0 = Debug|Any CPU
		{9825EBA2-589A-4A8E-8EE5-B026D48F573A}.Debug|x86.ActiveCfg = Debug|Any CPU
		{9825EBA2-589A-4A8E-8EE5-B026D48F573A}.Debug|x86.Build.0 = Debug|Any CPU
		{9825EBA2-589A-4A8E-8EE5-B026D48F573A}.Release|Any CPU.ActiveCfg = Release|Any CPU
		{9825EBA2-589A-4A8E-8EE5-B026D48F573A}.Release|Any CPU.Build.0 = Release|Any CPU
		{9825EBA2-589A-4A8E-8EE5-B026D48F573A}.Release|x64.ActiveCfg = Release|Any CPU
		{9825EBA2-589A-4A8E-8EE5-B026D48F573A}.Release|x64.Build.0 = Release|Any CPU
		{9825EBA2-589A-4A8E-8EE5-B026D48F573A}.Release|x86.ActiveCfg = Release|Any CPU
		{9825EBA2-589A-4A8E-8EE5-B026D48F573A}.Release|x86.Build.0 = Release|Any CPU
		{14481249-A1A5-462C-9F9C-852152F38737}.Debug|Any CPU.ActiveCfg = Debug|Any CPU
		{14481249-A1A5-462C-9F9C-852152F38737}.Debug|Any CPU.Build.0 = Debug|Any CPU
		{14481249-A1A5-462C-9F9C-852152F38737}.Debug|x64.ActiveCfg = Debug|Any CPU
		{14481249-A1A5-462C-9F9C-852152F38737}.Debug|x64.Build.0 = Debug|Any CPU
		{14481249-A1A5-462C-9F9C-852152F38737}.Debug|x86.ActiveCfg = Debug|Any CPU
		{14481249-A1A5-462C-9F9C-852152F38737}.Debug|x86.Build.0 = Debug|Any CPU
		{14481249-A1A5-462C-9F9C-852152F38737}.Release|Any CPU.ActiveCfg = Release|Any CPU
		{14481249-A1A5-462C-9F9C-852152F38737}.Release|Any CPU.Build.0 = Release|Any CPU
		{14481249-A1A5-462C-9F9C-852152F38737}.Release|x64.ActiveCfg = Release|Any CPU
		{14481249-A1A5-462C-9F9C-852152F38737}.Release|x64.Build.0 = Release|Any CPU
		{14481249-A1A5-462C-9F9C-852152F38737}.Release|x86.ActiveCfg = Release|Any CPU
		{14481249-A1A5-462C-9F9C-852152F38737}.Release|x86.Build.0 = Release|Any CPU
		{ABD55C8E-F2E7-4592-9BAA-CCDFC3CB574E}.Debug|Any CPU.ActiveCfg = Debug|Any CPU
		{ABD55C8E-F2E7-4592-9BAA-CCDFC3CB574E}.Debug|Any CPU.Build.0 = Debug|Any CPU
		{ABD55C8E-F2E7-4592-9BAA-CCDFC3CB574E}.Debug|x64.ActiveCfg = Debug|Any CPU
		{ABD55C8E-F2E7-4592-9BAA-CCDFC3CB574E}.Debug|x64.Build.0 = Debug|Any CPU
		{ABD55C8E-F2E7-4592-9BAA-CCDFC3CB574E}.Debug|x86.ActiveCfg = Debug|Any CPU
		{ABD55C8E-F2E7-4592-9BAA-CCDFC3CB574E}.Debug|x86.Build.0 = Debug|Any CPU
		{ABD55C8E-F2E7-4592-9BAA-CCDFC3CB574E}.Release|Any CPU.ActiveCfg = Release|Any CPU
		{ABD55C8E-F2E7-4592-9BAA-CCDFC3CB574E}.Release|Any CPU.Build.0 = Release|Any CPU
		{ABD55C8E-F2E7-4592-9BAA-CCDFC3CB574E}.Release|x64.ActiveCfg = Release|Any CPU
		{ABD55C8E-F2E7-4592-9BAA-CCDFC3CB574E}.Release|x64.Build.0 = Release|Any CPU
		{ABD55C8E-F2E7-4592-9BAA-CCDFC3CB574E}.Release|x86.ActiveCfg = Release|Any CPU
		{ABD55C8E-F2E7-4592-9BAA-CCDFC3CB574E}.Release|x86.Build.0 = Release|Any CPU
		{40ECCDA9-9B34-44AD-8A07-BD55D5E42607}.Debug|Any CPU.ActiveCfg = Debug|Any CPU
		{40ECCDA9-9B34-44AD-8A07-BD55D5E42607}.Debug|Any CPU.Build.0 = Debug|Any CPU
		{40ECCDA9-9B34-44AD-8A07-BD55D5E42607}.Debug|x64.ActiveCfg = Debug|Any CPU
		{40ECCDA9-9B34-44AD-8A07-BD55D5E42607}.Debug|x64.Build.0 = Debug|Any CPU
		{40ECCDA9-9B34-44AD-8A07-BD55D5E42607}.Debug|x86.ActiveCfg = Debug|Any CPU
		{40ECCDA9-9B34-44AD-8A07-BD55D5E42607}.Debug|x86.Build.0 = Debug|Any CPU
		{40ECCDA9-9B34-44AD-8A07-BD55D5E42607}.Release|Any CPU.ActiveCfg = Release|Any CPU
		{40ECCDA9-9B34-44AD-8A07-BD55D5E42607}.Release|Any CPU.Build.0 = Release|Any CPU
		{40ECCDA9-9B34-44AD-8A07-BD55D5E42607}.Release|x64.ActiveCfg = Release|Any CPU
		{40ECCDA9-9B34-44AD-8A07-BD55D5E42607}.Release|x64.Build.0 = Release|Any CPU
		{40ECCDA9-9B34-44AD-8A07-BD55D5E42607}.Release|x86.ActiveCfg = Release|Any CPU
		{40ECCDA9-9B34-44AD-8A07-BD55D5E42607}.Release|x86.Build.0 = Release|Any CPU
	EndGlobalSection
	GlobalSection(SolutionProperties) = preSolution
		HideSolutionNode = FALSE
	EndGlobalSection
	GlobalSection(NestedProjects) = preSolution
		{5689D02E-205C-461F-ADC6-DC69058F6AB8} = {827E0CD3-B72D-47B6-A68D-7590B98EB39B}
		{52ED6517-E565-4091-93DF-FA7033841185} = {827E0CD3-B72D-47B6-A68D-7590B98EB39B}
		{9825EBA2-589A-4A8E-8EE5-B026D48F573A} = {827E0CD3-B72D-47B6-A68D-7590B98EB39B}
		{14481249-A1A5-462C-9F9C-852152F38737} = {827E0CD3-B72D-47B6-A68D-7590B98EB39B}
		{ABD55C8E-F2E7-4592-9BAA-CCDFC3CB574E} = {0AB3BF05-4346-4AA6-1389-037BE0695223}
		{40ECCDA9-9B34-44AD-8A07-BD55D5E42607} = {0AB3BF05-4346-4AA6-1389-037BE0695223}
	EndGlobalSection
EndGlobal
